
Microsoft Visual Studio Solution File, Format Version 12.00
# Visual Studio Version 17
VisualStudioVersion = 17.14.36121.58
MinimumVisualStudioVersion = 10.0.40219.1
Project("{FAE04EC0-301F-11D3-BF4B-00C04F79EFBC}") = "Palantir.IMES", "Palantir.IMES\Palantir.IMES.csproj", "{15A897EF-4AD9-49D1-BC57-6E6C50BE651C}"
EndProject
Project("{FAE04EC0-301F-11D3-BF4B-00C04F79EFBC}") = "Palantir.Core", "Palantir.Core\Palantir.Core.csproj", "{5937F783-EB65-4DF6-A3B6-F78E90A026BD}"
EndProject
Project("{FAE04EC0-301F-11D3-BF4B-00C04F79EFBC}") = "Palantir.UI.AppHost", "Palantir.UI\Palantir.UI.AppHost\Palantir.UI.AppHost.csproj", "{85E5AA3C-EA86-48DD-B799-F3E5CC0C1265}"
EndProject
Project("{FAE04EC0-301F-11D3-BF4B-00C04F79EFBC}") = "Palantir.UI.ApiService", "Palantir.UI\Palantir.UI.ApiService\Palantir.UI.ApiService.csproj", "{438FE6EC-D368-FFD0-5386-9DD7E4BC97F7}"
EndProject
Project("{FAE04EC0-301F-11D3-BF4B-00C04F79EFBC}") = "Palantir.UI.Web", "Palantir.UI\Palantir.UI.Web\Palantir.UI.Web.csproj", "{7B6DD285-2AAE-6424-2153-D67E7E189C24}"
EndProject
Global
	GlobalSection(SolutionConfigurationPlatforms) = preSolution
		Debug|Any CPU = Debug|Any CPU
		Release|Any CPU = Release|Any CPU
	EndGlobalSection
	GlobalSection(ProjectConfigurationPlatforms) = postSolution
		{15A897EF-4AD9-49D1-BC57-6E6C50BE651C}.Debug|Any CPU.ActiveCfg = Debug|Any CPU
		{15A897EF-4AD9-49D1-BC57-6E6C50BE651C}.Debug|Any CPU.Build.0 = Debug|Any CPU
		{15A897EF-4AD9-49D1-BC57-6E6C50BE651C}.Release|Any CPU.ActiveCfg = Release|Any CPU
		{15A897EF-4AD9-49D1-BC57-6E6C50BE651C}.Release|Any CPU.Build.0 = Release|Any CPU
		{5937F783-EB65-4DF6-A3B6-F78E90A026BD}.Debug|Any CPU.ActiveCfg = Debug|Any CPU
		{5937F783-EB65-4DF6-A3B6-F78E90A026BD}.Debug|Any CPU.Build.0 = Debug|Any CPU
		{5937F783-EB65-4DF6-A3B6-F78E90A026BD}.Release|Any CPU.ActiveCfg = Release|Any CPU
		{5937F783-EB65-4DF6-A3B6-F78E90A026BD}.Release|Any CPU.Build.0 = Release|Any CPU
		{85E5AA3C-EA86-48DD-B799-F3E5CC0C1265}.Debug|Any CPU.ActiveCfg = Debug|Any CPU
		{85E5AA3C-EA86-48DD-B799-F3E5CC0C1265}.Debug|Any CPU.Build.0 = Debug|Any CPU
		{85E5AA3C-EA86-48DD-B799-F3E5CC0C1265}.Release|Any CPU.ActiveCfg = Release|Any CPU
		{85E5AA3C-EA86-48DD-B799-F3E5CC0C1265}.Release|Any CPU.Build.0 = Release|Any CPU
		{438FE6EC-D368-FFD0-5386-9DD7E4BC97F7}.Debug|Any CPU.ActiveCfg = Debug|Any CPU
		{438FE6EC-D368-FFD0-5386-9DD7E4BC97F7}.Debug|Any CPU.Build.0 = Debug|Any CPU
		{438FE6EC-D368-FFD0-5386-9DD7E4BC97F7}.Release|Any CPU.ActiveCfg = Release|Any CPU
		{438FE6EC-D368-FFD0-5386-9DD7E4BC97F7}.Release|Any CPU.Build.0 = Release|Any CPU
		{7B6DD285-2AAE-6424-2153-D67E7E189C24}.Debug|Any CPU.ActiveCfg = Debug|Any CPU
		{7B6DD285-2AAE-6424-2153-D67E7E189C24}.Debug|Any CPU.Build.0 = Debug|Any CPU
		{7B6DD285-2AAE-6424-2153-D67E7E189C24}.Release|Any CPU.ActiveCfg = Release|Any CPU
		{7B6DD285-2AAE-6424-2153-D67E7E189C24}.Release|Any CPU.Build.0 = Release|Any CPU
	EndGlobalSection
	GlobalSection(SolutionProperties) = preSolution
		HideSolutionNode = FALSE
	EndGlobalSection
	GlobalSection(ExtensibilityGlobals) = postSolution
		SolutionGuid = {761E50A3-A14E-4194-8E88-FDC1BABBA0A1}
	EndGlobalSection
EndGlobal
